
Microsoft Visual Studio Solution File, Format Version 12.00
# Visual Studio Version 16
VisualStudioVersion = 16.0.31205.134
MinimumVisualStudioVersion = 10.0.40219.1
Project("{8BC9CEB8-8B4A-11D0-8D11-00A0C91BC942}") = "GFF2-4B", "GFF2-4B.vcxproj", "{D34D2715-0D1C-4343-88F3-E1532FE769D3}"
EndProject
Global
	GlobalSection(SolutionConfigurationPlatforms) = preSolution
		Debug|x64 = Debug|x64
		Debug|x86 = Debug|x86
		Release|x64 = Release|x64
		Release|x86 = Release|x86
	EndGlobalSection
	GlobalSection(ProjectConfigurationPlatforms) = postSolution
		{D34D2715-0D1C-4343-88F3-E1532FE769D3}.Debug|x64.ActiveCfg = Debug|x64
		{D34D2715-0D1C-4343-88F3-E1532FE769D3}.Debug|x64.Build.0 = Debug|x64
		{D34D2715-0D1C-4343-88F3-E1532FE769D3}.Debug|x86.ActiveCfg = Debug|Win32
		{D34D2715-0D1C-4343-88F3-E1532FE769D3}.Debug|x86.Build.0 = Debug|Win32
		{D34D2715-0D1C-4343-88F3-E1532FE769D3}.Release|x64.ActiveCfg = Release|x64
		{D34D2715-0D1C-4343-88F3-E1532FE769D3}.Release|x64.Build.0 = Release|x64
		{D34D2715-0D1C-4343-88F3-E1532FE769D3}.Release|x86.ActiveCfg = Release|Win32
		{D34D2715-0D1C-4343-88F3-E1532FE769D3}.Release|x86.Build.0 = Release|Win32
	EndGlobalSection
	GlobalSection(SolutionProperties) = preSolution
		HideSolutionNode = FALSE
	EndGlobalSection
	GlobalSection(ExtensibilityGlobals) = postSolution
		SolutionGuid = {A434EA31-6A69-4341-8995-17E4DC8DA0AA}
	EndGlobalSection
EndGlobal
